lockfileVersion: '9.0'

settings:
  autoInstallPeers: true
  excludeLinksFromLockfile: false

overrides:
  vue: beta
  '@vue/compiler-core': beta
  '@vue/compiler-dom': beta
  '@vue/compiler-sfc': beta
  '@vue/compiler-ssr': beta
  '@vue/compiler-vapor': beta
  '@vue/reactivity': beta
  '@vue/runtime-core': beta
  '@vue/runtime-dom': beta
  '@vue/runtime-vapor': beta
  '@vue/server-renderer': beta
  '@vue/shared': beta
  '@vue/compat': beta

importers:

  .:
    dependencies:
      '@primeuix/themes':
        specifier: ^2.0.3
        version: 2.0.3
      primevue:
        specifier: ^4.5.4
        version: 4.5.4(vue@3.5.30)
      vue:
        specifier: beta
        version: 3.5.30

packages:

  '@babel/helper-string-parser@7.27.1':
    resolution: {integrity: sha512-qMlSxKbpRlAridDExk92nSobyDdpPijUq2DW6oDnUqd0iOGxmQjyqhMIihI9+zv4LPyZdRje2cavWPbCbWm3eA==}
    engines: {node: '>=6.9.0'}

  '@babel/helper-validator-identifier@7.28.5':
    resolution: {integrity: sha512-qSs4ifwzKJSV39ucNjsvc6WVHs6b7S03sOh2OcHF9UHfVPqWWALUsNUVzhSBiItjRZoLHx7nIarVjqKVusUZ1Q==}
    engines: {node: '>=6.9.0'}

  '@babel/parser@7.29.0':
    resolution: {integrity: sha512-IyDgFV5GeDUVX4YdF/3CPULtVGSXXMLh1xVIgdCgxApktqnQV0r7/8Nqthg+8YLGaAtdyIlo2qIdZrbCv4+7ww==}
    engines: {node: '>=6.0.0'}
    hasBin: true

  '@babel/types@7.29.0':
    resolution: {integrity: sha512-LwdZHpScM4Qz8Xw2iKSzS+cfglZzJGvofQICy7W7v4caru4EaAmyUuO6BGrbyQ2mYV11W0U8j5mBhd14dd3B0A==}
    engines: {node: '>=6.9.0'}

  '@jridgewell/sourcemap-codec@1.5.5':
    resolution: {integrity: sha512-cYQ9310grqxueWbl+WuIUIaiUaDcj7WOq5fVhEljNVgRfOUhY9fy2zTvfoqWsnebh8Sl70VScFbICvJnLKB0Og==}

  '@primeuix/styled@0.7.4':
    resolution: {integrity: sha512-QSO/NpOQg8e9BONWRBx9y8VGMCMYz0J/uKfNJEya/RGEu7ARx0oYW0ugI1N3/KB1AAvyGxzKBzGImbwg0KUiOQ==}
    engines: {node: '>=12.11.0'}

  '@primeuix/styles@2.0.3':
    resolution: {integrity: sha512-2ykAB6BaHzR/6TwF8ShpJTsZrid6cVIEBVlookSdvOdmlWuevGu5vWOScgIwqWwlZcvkFYAGR/SUV3OHCTBMdw==}

  '@primeuix/themes@2.0.3':
    resolution: {integrity: sha512-3fS1883mtCWhgUgNf/feiaaDSOND4EBIOu9tZnzJlJ8QtYyL6eFLcA6V3ymCWqLVXQ1+lTVEZv1gl47FIdXReg==}

  '@primeuix/utils@0.6.4':
    resolution: {integrity: sha512-pZ5f+vj7wSzRhC7KoEQRU5fvYAe+RP9+m39CTscZ3UywCD1Y2o6Fe1rRgklMPSkzUcty2jzkA0zMYkiJBD1hgg==}
    engines: {node: '>=12.11.0'}

  '@primevue/core@4.5.4':
    resolution: {integrity: sha512-lYJJB3wTrDJ8MkLctzHfrPZAqXVxoatjIsswSJzupatf6ZogJHVYADUKcn1JAkLLk8dtV1FA2AxDek663fHO5Q==}
    engines: {node: '>=12.11.0'}
    peerDependencies:
      vue: ^3.5.0

  '@primevue/icons@4.5.4':
    resolution: {integrity: sha512-DxgryEc7ZmUqcEhYMcxGBRyFzdtLIoy3jLtlH1zsVSRZaG+iSAcjQ88nvfkZxGUZtZBFL7sRjF6KLq3bJZJwUw==}
    engines: {node: '>=12.11.0'}

  '@vue/compiler-core@3.6.0-beta.7':
    resolution: {integrity: sha512-fYOlA9PCFuf5l8AtKJSxAM+K+MLoM8dyN9Xsa/GDE0Uf6wxFe33AEU6xyVqYMPy6uxp4RtgE4KuQ7JdYvE0Jnw==}

  '@vue/compiler-dom@3.6.0-beta.7':
    resolution: {integrity: sha512-4myAKKPogd6MAA/oKKn1+uDOPGJ6gB+pivaUxaBqfvXJch1QHSpcUgdHCJqDb9O/99EjcwppkTLGe7cRWMSqHQ==}

  '@vue/compiler-sfc@3.6.0-beta.7':
    resolution: {integrity: sha512-bf0NkJb0Hxoj1K8cZKYgduEY0FPP28WnoUGqHvYA/a1cjJfrhaypbiS5u6pEFVXug/JZJF9sI+c4JTHkgqRKDw==}

  '@vue/compiler-ssr@3.6.0-beta.7':
    resolution: {integrity: sha512-fwO4qe6iXZ+SZedurh/vLwjBgjAX/wL5aI/eIECv0C79AgTAlJNjD6dwMafukhnZamQgNKYBxXUOkGl8sqn1PA==}

  '@vue/compiler-vapor@3.6.0-beta.7':
    resolution: {integrity: sha512-fc6ZAFv9yRSoQQVsgN5gGDaUWdTPctDb6lVUtUGgnrCB7n+hQIBwuId7HIeic3PK6HPVZMoEbluNU/ge3DIveA==}

  '@vue/reactivity@3.6.0-beta.7':
    resolution: {integrity: sha512-d1Z7U3QqfrpnT1/m8glRDBGlzQVj4J3u7LvCxieyxvrH03ZcR9qZ8hMw9x/Q3K/VcT2BSHp8A8662cqigCiCEA==}

  '@vue/runtime-core@3.6.0-beta.7':
    resolution: {integrity: sha512-z6wXT1w0lFYS2uHAYuNZRutxNmg5i4S6yKYVf58/DVu+j/L1eq2ntPNVpPJpof71izXbv14ImvvPUCTTqHwAUA==}

  '@vue/runtime-dom@3.6.0-beta.7':
    resolution: {integrity: sha512-purk/iT3R5y2CizeV+YdxHhqPE1yAk3MSptggsCdO0zkShl2NA1/xec1WgVg1OL6IV0xNrknsMxl9Fit4g44hA==}

  '@vue/server-renderer@3.6.0-beta.7':
    resolution: {integrity: sha512-VqX6+8+NyCC/nqkOvj/vKHeMtBr3Mxo7rccDLNyuSb6o5Mp+itlxdpaD0LD28SqHEaDjqfIUBTnFsfDJLN/cww==}
    peerDependencies:
      vue: 3.6.0-beta.7

  '@vue/shared@3.6.0-beta.7':
    resolution: {integrity: sha512-BNC0ohwv5hYybiUvZ/7gBjSzWFRxpZ2MzRQ/lH2zYZds085ylmAqMGEwbGlWFD+/WPRBsXQd7+e1hNGFksNuCg==}

  csstype@3.2.3:
    resolution: {integrity: sha512-z1HGKcYy2xA8AGQfwrn0PAy+PB7X/GSj3UVJW9qKyn43xWa+gl5nXmU4qqLMRzWVLFC8KusUX8T/0kCiOYpAIQ==}

  entities@7.0.1:
    resolution: {integrity: sha512-TWrgLOFUQTH994YUyl1yT4uyavY5nNB5muff+RtWaqNVCAK408b5ZnnbNAUEWLTCpum9w6arT70i1XdQ4UeOPA==}
    engines: {node: '>=0.12'}

  estree-walker@2.0.2:
    resolution: {integrity: sha512-Rfkk/Mp/DL7JVje3u18FxFujQlTNR2q6QfMSMB7AvCBx91NGj/ba3kCfza0f6dVDbw7YlRf/nDrn7pQrCCyQ/w==}

  magic-string@0.30.21:
    resolution: {integrity: sha512-vd2F4YUyEXKGcLHoq+TEyCjxueSeHnFxyyjNp80yg0XV4vUhnDer/lvvlqM/arB5bXQN5K2/3oinyCRyx8T2CQ==}

  nanoid@3.3.11:
    resolution: {integrity: sha512-N8SpfPUnUp1bK+PMYW8qSWdl9U+wwNWI4QKxOYDy9JAro3WMX7p2OeVRF9v+347pnakNevPmiHhNmZ2HbFA76w==}
    engines: {node: ^10 || ^12 || ^13.7 || ^14 || >=15.0.1}
    hasBin: true

  picocolors@1.1.1:
    resolution: {integrity: sha512-xceH2snhtb5M9liqDsmEw56le376mTZkEX/jEb/RxNFyegNul7eNslCXP9FDj/Lcu0X8KEyMceP2ntpaHrDEVA==}

  postcss@8.5.8:
    resolution: {integrity: sha512-OW/rX8O/jXnm82Ey1k44pObPtdblfiuWnrd8X7GJ7emImCOstunGbXUpp7HdBrFQX6rJzn3sPT397Wp5aCwCHg==}
    engines: {node: ^10 || ^12 || >=14}

  primevue@4.5.4:
    resolution: {integrity: sha512-nTyEohZABFJhVIpeUxgP0EJ8vKcJAhD+Z7DYj95e7ie/MNUCjRNcGjqmE1cXtXi4z54qDfTSI9h2uJ51qz2DIw==}
    engines: {node: '>=12.11.0'}

  source-map-js@1.2.1:
    resolution: {integrity: sha512-UXWMKhLOwVKb728IUtQPXxfYU+usdybtUrK/8uGE8CQMvrhOpwvzDBwj0QhSL7MQc7vIsISBG8VQ8+IDQxpfQA==}
    engines: {node: '>=0.10.0'}

  vue@3.5.30:
    resolution: {integrity: sha512-hTHLc6VNZyzzEH/l7PFGjpcTvUgiaPK5mdLkbjrTeWSRcEfxFrv56g/XckIYlE9ckuobsdwqd5mk2g1sBkMewg==}
    peerDependencies:
      typescript: '*'
    peerDependenciesMeta:
      typescript:
        optional: true

snapshots:

  '@babel/helper-string-parser@7.27.1': {}

  '@babel/helper-validator-identifier@7.28.5': {}

  '@babel/parser@7.29.0':
    dependencies:
      '@babel/types': 7.29.0

  '@babel/types@7.29.0':
    dependencies:
      '@babel/helper-string-parser': 7.27.1
      '@babel/helper-validator-identifier': 7.28.5

  '@jridgewell/sourcemap-codec@1.5.5': {}

  '@primeuix/styled@0.7.4':
    dependencies:
      '@primeuix/utils': 0.6.4

  '@primeuix/styles@2.0.3':
    dependencies:
      '@primeuix/styled': 0.7.4

  '@primeuix/themes@2.0.3':
    dependencies:
      '@primeuix/styled': 0.7.4

  '@primeuix/utils@0.6.4': {}

  '@primevue/core@4.5.4(vue@3.5.30)':
    dependencies:
      '@primeuix/styled': 0.7.4
      '@primeuix/utils': 0.6.4
      vue: 3.5.30

  '@primevue/icons@4.5.4(vue@3.5.30)':
    dependencies:
      '@primeuix/utils': 0.6.4
      '@primevue/core': 4.5.4(vue@3.5.30)
    transitivePeerDependencies:
      - vue

  '@vue/compiler-core@3.6.0-beta.7':
    dependencies:
      '@babel/parser': 7.29.0
      '@vue/shared': 3.6.0-beta.7
      entities: 7.0.1
      estree-walker: 2.0.2
      source-map-js: 1.2.1

  '@vue/compiler-dom@3.6.0-beta.7':
    dependencies:
      '@vue/compiler-core': 3.6.0-beta.7
      '@vue/shared': 3.6.0-beta.7

  '@vue/compiler-sfc@3.6.0-beta.7':
    dependencies:
      '@babel/parser': 7.29.0
      '@vue/compiler-core': 3.6.0-beta.7
      '@vue/compiler-dom': 3.6.0-beta.7
      '@vue/compiler-ssr': 3.6.0-beta.7
      '@vue/compiler-vapor': 3.6.0-beta.7
      '@vue/shared': 3.6.0-beta.7
      estree-walker: 2.0.2
      magic-string: 0.30.21
      postcss: 8.5.8
      source-map-js: 1.2.1

  '@vue/compiler-ssr@3.6.0-beta.7':
    dependencies:
      '@vue/compiler-dom': 3.6.0-beta.7
      '@vue/shared': 3.6.0-beta.7

  '@vue/compiler-vapor@3.6.0-beta.7':
    dependencies:
      '@babel/parser': 7.29.0
      '@vue/compiler-dom': 3.6.0-beta.7
      '@vue/shared': 3.6.0-beta.7
      estree-walker: 2.0.2
      source-map-js: 1.2.1

  '@vue/reactivity@3.6.0-beta.7':
    dependencies:
      '@vue/shared': 3.6.0-beta.7

  '@vue/runtime-core@3.6.0-beta.7':
    dependencies:
      '@vue/reactivity': 3.6.0-beta.7
      '@vue/shared': 3.6.0-beta.7

  '@vue/runtime-dom@3.6.0-beta.7':
    dependencies:
      '@vue/reactivity': 3.6.0-beta.7
      '@vue/runtime-core': 3.6.0-beta.7
      '@vue/shared': 3.6.0-beta.7
      csstype: 3.2.3

  '@vue/server-renderer@3.6.0-beta.7(vue@3.5.30)':
    dependencies:
      '@vue/compiler-ssr': 3.6.0-beta.7
      '@vue/shared': 3.6.0-beta.7
      vue: 3.5.30

  '@vue/shared@3.6.0-beta.7': {}

  csstype@3.2.3: {}

  entities@7.0.1: {}

  estree-walker@2.0.2: {}

  magic-string@0.30.21:
    dependencies:
      '@jridgewell/sourcemap-codec': 1.5.5

  nanoid@3.3.11: {}

  picocolors@1.1.1: {}

  postcss@8.5.8:
    dependencies:
      nanoid: 3.3.11
      picocolors: 1.1.1
      source-map-js: 1.2.1

  primevue@4.5.4(vue@3.5.30):
    dependencies:
      '@primeuix/styled': 0.7.4
      '@primeuix/styles': 2.0.3
      '@primeuix/utils': 0.6.4
      '@primevue/core': 4.5.4(vue@3.5.30)
      '@primevue/icons': 4.5.4(vue@3.5.30)
    transitivePeerDependencies:
      - vue

  source-map-js@1.2.1: {}

  vue@3.5.30:
    dependencies:
      '@vue/compiler-dom': 3.6.0-beta.7
      '@vue/compiler-sfc': 3.6.0-beta.7
      '@vue/runtime-dom': 3.6.0-beta.7
      '@vue/server-renderer': 3.6.0-beta.7(vue@3.5.30)
      '@vue/shared': 3.6.0-beta.7
